
Microsoft Visual Studio Solution File, Format Version 12.00
# Visual Studio Version 17
VisualStudioVersion = 17.11.35208.52
MinimumVisualStudioVersion = 10.0.40219.1
Project("{FAE04EC0-301F-11D3-BF4B-00C04F79EFBC}") = "Ofqual.Recognition.Citizen.API", "Ofqual.Recognition.Citizen.API\Ofqual.Recognition.Citizen.API.csproj", "{29B0419D-6C7F-47F3-B17A-FE0C46D93C1A}"
EndProject
Project("{9A19103F-16F7-4668-BE54-9A1E7A4F7556}") = "Ofqual.Recognition.Citizen.API.Core", "Ofqual.Recognition.Citizen.API.Core\Ofqual.Recognition.Citizen.API.Core.csproj", "{8D1AA7BA-2138-47E5-A035-D9A97EC0D15D}"
EndProject
Project("{9A19103F-16F7-4668-BE54-9A1E7A4F7556}") = "Ofqual.Recognition.Citizen.API.Infrastructure", "Ofqual.Recognition.Citizen.API.Infrastructure\Ofqual.Recognition.Citizen.API.Infrastructure.csproj", "{6C386C9C-19F3-45E1-8E51-DBF25D95E221}"
EndProject
Project("{9A19103F-16F7-4668-BE54-9A1E7A4F7556}") = "Ofqual.Recognition.Citizen.API.Tests", "Ofqual.Recognition.Citizen.API.Tests\Ofqual.Recognition.Citizen.API.Tests.csproj", "{4F310CD1-B011-42EE-9CF8-B0A9FCBA194B}"
EndProject
Global
	GlobalSection(SolutionConfigurationPlatforms) = preSolution
		Debug|Any CPU = Debug|Any CPU
		Release|Any CPU = Release|Any CPU
	EndGlobalSection
	GlobalSection(ProjectConfigurationPlatforms) = postSolution
		{8D1AA7BA-2138-47E5-A035-D9A97EC0D15D}.Debug|Any CPU.ActiveCfg = Debug|Any CPU
		{8D1AA7BA-2138-47E5-A035-D9A97EC0D15D}.Debug|Any CPU.Build.0 = Debug|Any CPU
		{8D1AA7BA-2138-47E5-A035-D9A97EC0D15D}.Release|Any CPU.ActiveCfg = Release|Any CPU
		{8D1AA7BA-2138-47E5-A035-D9A97EC0D15D}.Release|Any CPU.Build.0 = Release|Any CPU
		{6C386C9C-19F3-45E1-8E51-DBF25D95E221}.Debug|Any CPU.ActiveCfg = Debug|Any CPU
		{6C386C9C-19F3-45E1-8E51-DBF25D95E221}.Debug|Any CPU.Build.0 = Debug|Any CPU
		{6C386C9C-19F3-45E1-8E51-DBF25D95E221}.Release|Any CPU.ActiveCfg = Release|Any CPU
		{6C386C9C-19F3-45E1-8E51-DBF25D95E221}.Release|Any CPU.Build.0 = Release|Any CPU
		{4F310CD1-B011-42EE-9CF8-B0A9FCBA194B}.Debug|Any CPU.ActiveCfg = Debug|Any CPU
		{4F310CD1-B011-42EE-9CF8-B0A9FCBA194B}.Debug|Any CPU.Build.0 = Debug|Any CPU
		{4F310CD1-B011-42EE-9CF8-B0A9FCBA194B}.Release|Any CPU.ActiveCfg = Release|Any CPU
		{4F310CD1-B011-42EE-9CF8-B0A9FCBA194B}.Release|Any CPU.Build.0 = Release|Any CPU
		{29B0419D-6C7F-47F3-B17A-FE0C46D93C1A}.Debug|Any CPU.ActiveCfg = Debug|Any CPU
		{29B0419D-6C7F-47F3-B17A-FE0C46D93C1A}.Debug|Any CPU.Build.0 = Debug|Any CPU
		{29B0419D-6C7F-47F3-B17A-FE0C46D93C1A}.Release|Any CPU.ActiveCfg = Release|Any CPU
		{29B0419D-6C7F-47F3-B17A-FE0C46D93C1A}.Release|Any CPU.Build.0 = Release|Any CPU
	EndGlobalSection
	GlobalSection(SolutionProperties) = preSolution
		HideSolutionNode = FALSE
	EndGlobalSection
	GlobalSection(ExtensibilityGlobals) = postSolution
		SolutionGuid = {8D418704-631F-47FB-AD65-634B98ABD47A}
	EndGlobalSection
EndGlobal
